PODS:
  - JKSandBoxManager (0.1.6.8)
  - Kiwi (3.0.0)

DEPENDENCIES:
  - JKSandBoxManager (from `../`)
  - Kiwi

SPEC REPOS:
  https://github.com/CocoaPods/Specs.git:
    - Kiwi

EXTERNAL SOURCES:
  JKSandBoxManager:
    :path: "../"

SPEC CHECKSUMS:
  JKSandBoxManager: ddae7b1426ceebb9ae5b5cd888f81570b4fae31f
  Kiwi: fbeafef0f00e4d8f7dcb3420a4930afe70af77f7

PODFILE CHECKSUM: 91cd98d001b6cd433eb7afde937e8da4a7e76f74

COCOAPODS: 1.8.1
