PODS:
  - JKSandBoxManager (0.1.5.9)
  - Kiwi (2.4.0)

DEPENDENCIES:
  - JKSandBoxManager (from `../`)
  - Kiwi

SPEC REPOS:
  https://github.com/cocoapods/specs.git:
    - Kiwi

EXTERNAL SOURCES:
  JKSandBoxManager:
    :path: "../"

SPEC CHECKSUMS:
  JKSandBoxManager: 4986259530f568b230c48be03f1cfe27d734b0d1
  Kiwi: f49c9d54b28917df5928fe44968a39ed198cb8a8

PODFILE CHECKSUM: 91cd98d001b6cd433eb7afde937e8da4a7e76f74

COCOAPODS: 1.5.3
