PODS:
  - JKSandBoxManager (0.1.6.6)
  - Kiwi (3.0.0)

DEPENDENCIES:
  - JKSandBoxManager (from `../`)
  - Kiwi

SPEC REPOS:
  https://github.com/cocoapods/specs.git:
    - Kiwi

EXTERNAL SOURCES:
  JKSandBoxManager:
    :path: "../"

SPEC CHECKSUMS:
  JKSandBoxManager: 512ad953e2d6afcbb79e63d9fd5eb32b54ef6b3e
  Kiwi: fbeafef0f00e4d8f7dcb3420a4930afe70af77f7

PODFILE CHECKSUM: 91cd98d001b6cd433eb7afde937e8da4a7e76f74

COCOAPODS: 1.7.4
