PODS:
  - JKSandBoxManager (0.1.7.4)
  - Kiwi (3.0.0)

DEPENDENCIES:
  - JKSandBoxManager (from `../../`)
  - Kiwi

SPEC REPOS:
  https://github.com/CocoaPods/Specs.git:
    - Kiwi

EXTERNAL SOURCES:
  JKSandBoxManager:
    :path: "../../"

SPEC CHECKSUMS:
  JKSandBoxManager: 09b8cc72ccc4b814c08cb95821f76efa253bf119
  Kiwi: fbeafef0f00e4d8f7dcb3420a4930afe70af77f7

PODFILE CHECKSUM: c43e0f90f2325e8e5355ba2d0754030192528d4c

COCOAPODS: 1.11.3
